
Microsoft Visual Studio Solution File, Format Version 12.00
# Visual Studio Version 17
VisualStudioVersion = 17.9.34902.65
MinimumVisualStudioVersion = 10.0.40219.1
Project("{FAE04EC0-301F-11D3-BF4B-00C04F79EFBC}") = "StrandC", "StrandC\StrandC.csproj", "{FCEA4F06-5378-41BF-8140-BB0978D98576}"
EndProject
Project("{FAE04EC0-301F-11D3-BF4B-00C04F79EFBC}") = "StrandTest", "StrandTest\StrandTest.csproj", "{024EBBBB-C55E-4E6D-A9A0-7BE2CC0B0FEE}"
EndProject
Project("{FAE04EC0-301F-11D3-BF4B-00C04F79EFBC}") = "StrandWPF", "StrandWPF\StrandWPF.csproj", "{AA8E32B3-F5AA-43B9-B993-BEE45B979D10}"
EndProject
Global
	GlobalSection(SolutionConfigurationPlatforms) = preSolution
		Debug|Any CPU = Debug|Any CPU
		Release|Any CPU = Release|Any CPU
	EndGlobalSection
	GlobalSection(ProjectConfigurationPlatforms) = postSolution
		{FCEA4F06-5378-41BF-8140-BB0978D98576}.Debug|Any CPU.ActiveCfg = Debug|Any CPU
		{FCEA4F06-5378-41BF-8140-BB0978D98576}.Debug|Any CPU.Build.0 = Debug|Any CPU
		{FCEA4F06-5378-41BF-8140-BB0978D98576}.Release|Any CPU.ActiveCfg = Release|Any CPU
		{FCEA4F06-5378-41BF-8140-BB0978D98576}.Release|Any CPU.Build.0 = Release|Any CPU
		{024EBBBB-C55E-4E6D-A9A0-7BE2CC0B0FEE}.Debug|Any CPU.ActiveCfg = Debug|Any CPU
		{024EBBBB-C55E-4E6D-A9A0-7BE2CC0B0FEE}.Debug|Any CPU.Build.0 = Debug|Any CPU
		{024EBBBB-C55E-4E6D-A9A0-7BE2CC0B0FEE}.Release|Any CPU.ActiveCfg = Release|Any CPU
		{024EBBBB-C55E-4E6D-A9A0-7BE2CC0B0FEE}.Release|Any CPU.Build.0 = Release|Any CPU
		{AA8E32B3-F5AA-43B9-B993-BEE45B979D10}.Debug|Any CPU.ActiveCfg = Debug|Any CPU
		{AA8E32B3-F5AA-43B9-B993-BEE45B979D10}.Debug|Any CPU.Build.0 = Debug|Any CPU
		{AA8E32B3-F5AA-43B9-B993-BEE45B979D10}.Release|Any CPU.ActiveCfg = Release|Any CPU
		{AA8E32B3-F5AA-43B9-B993-BEE45B979D10}.Release|Any CPU.Build.0 = Release|Any CPU
	EndGlobalSection
	GlobalSection(SolutionProperties) = preSolution
		HideSolutionNode = FALSE
	EndGlobalSection
	GlobalSection(ExtensibilityGlobals) = postSolution
		SolutionGuid = {B9E35090-4895-4880-92E2-F052B7DD2449}
	EndGlobalSection
EndGlobal
